
Microsoft Visual Studio Solution File, Format Version 12.00
# Visual Studio 15
VisualStudioVersion = 15.0.28307.539
MinimumVisualStudioVersion = 10.0.40219.1
Project("{9A19103F-16F7-4668-BE54-9A1E7A4F7556}") = "Core.Lib", "Core.Lib\Core.Lib.csproj", "{68885944-D4C9-407B-804F-AA4FD89A58B8}"
EndProject
Project("{FAE04EC0-301F-11D3-BF4B-00C04F79EFBC}") = "Utils", "Utils\Utils.csproj", "{A3CBB5AC-579B-4B0C-8FC6-D483DE435C61}"
EndProject
Global
	GlobalSection(SolutionConfigurationPlatforms) = preSolution
		Debug|Any CPU = Debug|Any CPU
		Release|Any CPU = Release|Any CPU
	EndGlobalSection
	GlobalSection(ProjectConfigurationPlatforms) = postSolution
		{68885944-D4C9-407B-804F-AA4FD89A58B8}.Debug|Any CPU.ActiveCfg = Debug|Any CPU
		{68885944-D4C9-407B-804F-AA4FD89A58B8}.Debug|Any CPU.Build.0 = Debug|Any CPU
		{68885944-D4C9-407B-804F-AA4FD89A58B8}.Release|Any CPU.ActiveCfg = Release|Any CPU
		{68885944-D4C9-407B-804F-AA4FD89A58B8}.Release|Any CPU.Build.0 = Release|Any CPU
		{A3CBB5AC-579B-4B0C-8FC6-D483DE435C61}.Debug|Any CPU.ActiveCfg = Debug|Any CPU
		{A3CBB5AC-579B-4B0C-8FC6-D483DE435C61}.Debug|Any CPU.Build.0 = Debug|Any CPU
		{A3CBB5AC-579B-4B0C-8FC6-D483DE435C61}.Release|Any CPU.ActiveCfg = Release|Any CPU
		{A3CBB5AC-579B-4B0C-8FC6-D483DE435C61}.Release|Any CPU.Build.0 = Release|Any CPU
	EndGlobalSection
	GlobalSection(SolutionProperties) = preSolution
		HideSolutionNode = FALSE
	EndGlobalSection
	GlobalSection(ExtensibilityGlobals) = postSolution
		SolutionGuid = {49F29F4C-E05F-4CDE-81FC-2B740E3F48F5}
	EndGlobalSection
EndGlobal
